
Microsoft Visual Studio Solution File, Format Version 12.00
# Visual Studio 15
VisualStudioVersion = 15.0.28307.438
MinimumVisualStudioVersion = 10.0.40219.1
Project("{9A19103F-16F7-4668-BE54-9A1E7A4F7556}") = "MqConsumer", "MqConsumer\MqConsumer.csproj", "{77B94CDB-6A45-4A04-996E-4F1D37214877}"
EndProject
Global
	GlobalSection(SolutionConfigurationPlatforms) = preSolution
		Debug|Any CPU = Debug|Any CPU
		Release|Any CPU = Release|Any CPU
	EndGlobalSection
	GlobalSection(ProjectConfigurationPlatforms) = postSolution
		{77B94CDB-6A45-4A04-996E-4F1D37214877}.Debug|Any CPU.ActiveCfg = Debug|Any CPU
		{77B94CDB-6A45-4A04-996E-4F1D37214877}.Debug|Any CPU.Build.0 = Debug|Any CPU
		{77B94CDB-6A45-4A04-996E-4F1D37214877}.Release|Any CPU.ActiveCfg = Release|Any CPU
		{77B94CDB-6A45-4A04-996E-4F1D37214877}.Release|Any CPU.Build.0 = Release|Any CPU
	EndGlobalSection
	GlobalSection(SolutionProperties) = preSolution
		HideSolutionNode = FALSE
	EndGlobalSection
	GlobalSection(ExtensibilityGlobals) = postSolution
		SolutionGuid = {E4969396-9DBE-4DCA-97EC-030565A8DECD}
	EndGlobalSection
EndGlobal
